// !$*UTF8*$!
{
	archiveVersion = 1;
	classes = {
	};
	objectVersion = 46;
	objects = {

/* Begin PBXBuildFile section */
		C6B2995F1C3EC84900F0D39A /* AppDelegate.swift in Sources */ = {isa = PBXBuildFile; fileRef = C6B2995E1C3EC84900F0D39A /* AppDelegate.swift */; };
		C6B299641C3EC84900F0D39A /* Main.storyboard in Resources */ = {isa = PBXBuildFile; fileRef = C6B299621C3EC84900F0D39A /* Main.storyboard */; };
		C6B299661C3EC84900F0D39A /* Assets.xcassets in Resources */ = {isa = PBXBuildFile; fileRef = C6B299651C3EC84900F0D39A /* Assets.xcassets */; };
		C6B299691C3EC84900F0D39A /* LaunchScreen.storyboard in Resources */ = {isa = PBXBuildFile; fileRef = C6B299671C3EC84900F0D39A /* LaunchScreen.storyboard */; };
		C6B299741C3EC84900F0D39A /* HappinessTests.swift in Sources */ = {isa = PBXBuildFile; fileRef = C6B299731C3EC84900F0D39A /* HappinessTests.swift */; };
		C6B2997F1C3EC84900F0D39A /* HappinessUITests.swift in Sources */ = {isa = PBXBuildFile; fileRef = C6B2997E1C3EC84900F0D39A /* HappinessUITests.swift */; };
		C6B2998D1C3FA67C00F0D39A /* HappinessUIViewController.swift in Sources */ = {isa = PBXBuildFile; fileRef = C6B2998C1C3FA67C00F0D39A /* HappinessUIViewController.swift */; };
		C6B2998F1C3FAA3200F0D39A /* FaceView.swift in Sources */ = {isa = PBXBuildFile; fileRef = C6B2998E1C3FAA3200F0D39A /* FaceView.swift */; };
/* End PBXBuildFile section */

/* Begin PBXContainerItemProxy section */
		C6B299701C3EC84900F0D39A /* PBXContainerItemProxy */ = {
			isa = PBXContainerItemProxy;
			containerPortal = C6B299531C3EC84900F0D39A /* Project object */;
			proxyType = 1;
			remoteGlobalIDString = C6B2995A1C3EC84900F0D39A;
			remoteInfo = Happiness;
		};
		C6B2997B1C3EC84900F0D39A /* PBXContainerItemProxy */ = {
			isa = PBXContainerItemProxy;
			containerPortal = C6B299531C3EC84900F0D39A /* Project object */;
			proxyType = 1;
			remoteGlobalIDString = C6B2995A1C3EC84900F0D39A;
			remoteInfo = Happiness;
		};
/* End PBXContainerItemProxy section */

/* Begin PBXFileReference section */
		C6B2995B1C3EC84900F0D39A /* Happiness.app */ = {isa = PBXFileReference; explicitFileType = wrapper.application; includeInIndex = 0; path = Happiness.app; sourceTree = BUILT_PRODUCTS_DIR; };
		C6B2995E1C3EC84900F0D39A /* AppDelegate.swift */ = {isa = PBXFileReference; lastKnownFileType = sourcecode.swift; path = AppDelegate.swift; sourceTree = "<group>"; };
		C6B299631C3EC84900F0D39A /* Base */ = {isa = PBXFileReference; lastKnownFileType = file.storyboard; name = Base; path = Base.lproj/Main.storyboard; sourceTree = "<group>"; };
		C6B299651C3EC84900F0D39A /* Assets.xcassets */ = {isa = PBXFileReference; lastKnownFileType = folder.assetcatalog; path = Assets.xcassets; sourceTree = "<group>"; };
		C6B299681C3EC84900F0D39A /* Base */ = {isa = PBXFileReference; lastKnownFileType = file.storyboard; name = Base; path = Base.lproj/LaunchScreen.storyboard; sourceTree = "<group>"; };
		C6B2996A1C3EC84900F0D39A /* Info.plist */ = {isa = PBXFileReference; lastKnownFileType = text.plist.xml; path = Info.plist; sourceTree = "<group>"; };
		C6B2996F1C3EC84900F0D39A /* HappinessTests.xctest */ = {isa = PBXFileReference; explicitFileType = wrapper.cfbundle; includeInIndex = 0; path = HappinessTests.xctest; sourceTree = BUILT_PRODUCTS_DIR; };
		C6B299731C3EC84900F0D39A /* HappinessTests.swift */ = {isa = PBXFileReference; lastKnownFileType = sourcecode.swift; path = HappinessTests.swift; sourceTree = "<group>"; };
		C6B299751C3EC84900F0D39A /* Info.plist */ = {isa = PBXFileReference; lastKnownFileType = text.plist.xml; path = Info.plist; sourceTree = "<group>"; };
		C6B2997A1C3EC84900F0D39A /* HappinessUITests.xctest */ = {isa = PBXFileReference; explicitFileType = wrapper.cfbundle; includeInIndex = 0; path = HappinessUITests.xctest; sourceTree = BUILT_PRODUCTS_DIR; };
		C6B2997E1C3EC84900F0D39A /* HappinessUITests.swift */ = {isa = PBXFileReference; lastKnownFileType = sourcecode.swift; path = HappinessUITests.swift; sourceTree = "<group>"; };
		C6B299801C3EC84900F0D39A /* Info.plist */ = {isa = PBXFileReference; lastKnownFileType = text.plist.xml; path = Info.plist; sourceTree = "<group>"; };
		C6B2998C1C3FA67C00F0D39A /* HappinessUIViewController.swift */ = {isa = PBXFileReference; fileEncoding = 4; lastKnownFileType = sourcecode.swift; path = HappinessUIViewController.swift; sourceTree = SOURCE_ROOT; };
		C6B2998E1C3FAA3200F0D39A /* FaceView.swift */ = {isa = PBXFileReference; fileEncoding = 4; lastKnownFileType = sourcecode.swift; path = FaceView.swift; sourceTree = "<group>"; };
/* End PBXFileReference section */

/* Begin PBXFrameworksBuildPhase section */
		C6B299581C3EC84900F0D39A /* Frameworks */ = {
			isa = PBXFrameworksBuildPhase;
			buildActionMask = 2147483647;
			files = (
			);
			runOnlyForDeploymentPostprocessing = 0;
		};
		C6B2996C1C3EC84900F0D39A /* Frameworks */ = {
			isa = PBXFrameworksBuildPhase;
			buildActionMask = 2147483647;
			files = (
			);
			runOnlyForDeploymentPostprocessing = 0;
		};
		C6B299771C3EC84900F0D39A /* Frameworks */ = {
			isa = PBXFrameworksBuildPhase;
			buildActionMask = 2147483647;
			files = (
			);
			runOnlyForDeploymentPostprocessing = 0;
		};
/* End PBXFrameworksBuildPhase section */

/* Begin PBXGroup section */
		C6B299521C3EC84900F0D39A = {
			isa = PBXGroup;
			children = (
				C6B2995D1C3EC84900F0D39A /* Happiness */,
				C6B299721C3EC84900F0D39A /* HappinessTests */,
				C6B2997D1C3EC84900F0D39A /* HappinessUITests */,
				C6B2995C1C3EC84900F0D39A /* Products */,
			);
			sourceTree = "<group>";
		};
		C6B2995C1C3EC84900F0D39A /* Products */ = {
			isa = PBXGroup;
			children = (
				C6B2995B1C3EC84900F0D39A /* Happiness.app */,
				C6B2996F1C3EC84900F0D39A /* HappinessTests.xctest */,
				C6B2997A1C3EC84900F0D39A /* HappinessUITests.xctest */,
			);
			name = Products;
			sourceTree = "<group>";
		};
		C6B2995D1C3EC84900F0D39A /* Happiness */ = {
			isa = PBXGroup;
			children = (
				C6B2998C1C3FA67C00F0D39A /* HappinessUIViewController.swift */,
				C6B2995E1C3EC84900F0D39A /* AppDelegate.swift */,
				C6B299621C3EC84900F0D39A /* Main.storyboard */,
				C6B2998E1C3FAA3200F0D39A /* FaceView.swift */,
				C6B299651C3EC84900F0D39A /* Assets.xcassets */,
				C6B299671C3EC84900F0D39A /* LaunchScreen.storyboard */,
				C6B2996A1C3EC84900F0D39A /* Info.plist */,
			);
			path = Happiness;
			sourceTree = "<group>";
		};
		C6B299721C3EC84900F0D39A /* HappinessTests */ = {
			isa = PBXGroup;
			children = (
				C6B299731C3EC84900F0D39A /* HappinessTests.swift */,
				C6B299751C3EC84900F0D39A /* Info.plist */,
			);
			path = HappinessTests;
			sourceTree = "<group>";
		};
		C6B2997D1C3EC84900F0D39A /* HappinessUITests */ = {
			isa = PBXGroup;
			children = (
				C6B2997E1C3EC84900F0D39A /* HappinessUITests.swift */,
				C6B299801C3EC84900F0D39A /* Info.plist */,
			);
			path = HappinessUITests;
			sourceTree = "<group>";
		};
/* End PBXGroup section */

/* Begin PBXNativeTarget section */
		C6B2995A1C3EC84900F0D39A /* Happiness */ = {
			isa = PBXNativeTarget;
			buildConfigurationList = C6B299831C3EC84900F0D39A /* Build configuration list for PBXNativeTarget "Happiness" */;
			buildPhases = (
				C6B299571C3EC84900F0D39A /* Sources */,
				C6B299581C3EC84900F0D39A /* Frameworks */,
				C6B299591C3EC84900F0D39A /* Resources */,
			);
			buildRules = (
			);
			dependencies = (
			);
			name = Happiness;
			productName = Happiness;
			productReference = C6B2995B1C3EC84900F0D39A /* Happiness.app */;
			productType = "com.apple.product-type.application";
		};
		C6B2996E1C3EC84900F0D39A /* HappinessTests */ = {
			isa = PBXNativeTarget;
			buildConfigurationList = C6B299861C3EC84900F0D39A /* Build configuration list for PBXNativeTarget "HappinessTests" */;
			buildPhases = (
				C6B2996B1C3EC84900F0D39A /* Sources */,
				C6B2996C1C3EC84900F0D39A /* Frameworks */,
				C6B2996D1C3EC84900F0D39A /* Resources */,
			);
			buildRules = (
			);
			dependencies = (
				C6B299711C3EC84900F0D39A /* PBXTargetDependency */,
			);
			name = HappinessTests;
			productName = HappinessTests;
			productReference = C6B2996F1C3EC84900F0D39A /* HappinessTests.xctest */;
			productType = "com.apple.product-type.bundle.unit-test";
		};
		C6B299791C3EC84900F0D39A /* HappinessUITests */ = {
			isa = PBXNativeTarget;
			buildConfigurationList = C6B299891C3EC84900F0D39A /* Build configuration list for PBXNativeTarget "HappinessUITests" */;
			buildPhases = (
				C6B299761C3EC84900F0D39A /* Sources */,
				C6B299771C3EC84900F0D39A /* Frameworks */,
				C6B299781C3EC84900F0D39A /* Resources */,
			);
			buildRules = (
			);
			dependencies = (
				C6B2997C1C3EC84900F0D39A /* PBXTargetDependency */,
			);
			name = HappinessUITests;
			productName = HappinessUITests;
			productReference = C6B2997A1C3EC84900F0D39A /* HappinessUITests.xctest */;
			productType = "com.apple.product-type.bundle.ui-testing";
		};
/* End PBXNativeTarget section */

/* Begin PBXProject section */
		C6B299531C3EC84900F0D39A /* Project object */ = {
			isa = PBXProject;
			attributes = {
				LastSwiftUpdateCheck = 0720;
				LastUpgradeCheck = 0720;
				ORGANIZATIONNAME = strawberry224;
				TargetAttributes = {
					C6B2995A1C3EC84900F0D39A = {
						CreatedOnToolsVersion = 7.2;
						DevelopmentTeam = U24LJ82NMQ;
					};
					C6B2996E1C3EC84900F0D39A = {
						CreatedOnToolsVersion = 7.2;
						DevelopmentTeam = U24LJ82NMQ;
						TestTargetID = C6B2995A1C3EC84900F0D39A;
					};
					C6B299791C3EC84900F0D39A = {
						CreatedOnToolsVersion = 7.2;
						DevelopmentTeam = U24LJ82NMQ;
						TestTargetID = C6B2995A1C3EC84900F0D39A;
					};
				};
			};
			buildConfigurationList = C6B299561C3EC84900F0D39A /* Build configuration list for PBXProject "Happiness" */;
			compatibilityVersion = "Xcode 3.2";
			developmentRegion = English;
			hasScannedForEncodings = 0;
			knownRegions = (
				en,
				Base,
			);
			mainGroup = C6B299521C3EC84900F0D39A;
			productRefGroup = C6B2995C1C3EC84900F0D39A /* Products */;
			projectDirPath = "";
			projectRoot = "";
			targets = (
				C6B2995A1C3EC84900F0D39A /* Happiness */,
				C6B2996E1C3EC84900F0D39A /* HappinessTests */,
				C6B299791C3EC84900F0D39A /* HappinessUITests */,
			);
		};
/* End PBXProject section */

/* Begin PBXResourcesBuildPhase section */
		C6B299591C3EC84900F0D39A /* Resources */ = {
			isa = PBXResourcesBuildPhase;
			buildActionMask = 2147483647;
			files = (
				C6B299691C3EC84900F0D39A /* LaunchScreen.storyboard in Resources */,
				C6B299661C3EC84900F0D39A /* Assets.xcassets in Resources */,
				C6B299641C3EC84900F0D39A /* Main.storyboard in Resources */,
			);
			runOnlyForDeploymentPostprocessing = 0;
		};
		C6B2996D1C3EC84900F0D39A /* Resources */ = {
			isa = PBXResourcesBuildPhase;
			buildActionMask = 2147483647;
			files = (
			);
			runOnlyForDeploymentPostprocessing = 0;
		};
		C6B299781C3EC84900F0D39A /* Resources */ = {
			isa = PBXResourcesBuildPhase;
			buildActionMask = 2147483647;
			files = (
			);
			runOnlyForDeploymentPostprocessing = 0;
		};
/* End PBXResourcesBuildPhase section */

/* Begin PBXSourcesBuildPhase section */
		C6B299571C3EC84900F0D39A /* Sources */ = {
			isa = PBXSourcesBuildPhase;
			buildActionMask = 2147483647;
			files = (
				C6B2998D1C3FA67C00F0D39A /* HappinessUIViewController.swift in Sources */,
				C6B2995F1C3EC84900F0D39A /* AppDelegate.swift in Sources */,
				C6B2998F1C3FAA3200F0D39A /* FaceView.swift in Sources */,
			);
			runOnlyForDeploymentPostprocessing = 0;
		};
		C6B2996B1C3EC84900F0D39A /* Sources */ = {
			isa = PBXSourcesBuildPhase;
			buildActionMask = 2147483647;
			files = (
				C6B299741C3EC84900F0D39A /* HappinessTests.swift in Sources */,
			);
			runOnlyForDeploymentPostprocessing = 0;
		};
		C6B299761C3EC84900F0D39A /* Sources */ = {
			isa = PBXSourcesBuildPhase;
			buildActionMask = 2147483647;
			files = (
				C6B2997F1C3EC84900F0D39A /* HappinessUITests.swift in Sources */,
			);
			runOnlyForDeploymentPostprocessing = 0;
		};
/* End PBXSourcesBuildPhase section */

/* Begin PBXTargetDependency section */
		C6B299711C3EC84900F0D39A /* PBXTargetDependency */ = {
			isa = PBXTargetDependency;
			target = C6B2995A1C3EC84900F0D39A /* Happiness */;
			targetProxy = C6B299701C3EC84900F0D39A /* PBXContainerItemProxy */;
		};
		C6B2997C1C3EC84900F0D39A /* PBXTargetDependency */ = {
			isa = PBXTargetDependency;
			target = C6B2995A1C3EC84900F0D39A /* Happiness */;
			targetProxy = C6B2997B1C3EC84900F0D39A /* PBXContainerItemProxy */;
		};
/* End PBXTargetDependency section */

/* Begin PBXVariantGroup section */
		C6B299621C3EC84900F0D39A /* Main.storyboard */ = {
			isa = PBXVariantGroup;
			children = (
				C6B299631C3EC84900F0D39A /* Base */,
			);
			name = Main.storyboard;
			sourceTree = "<group>";
		};
		C6B299671C3EC84900F0D39A /* LaunchScreen.storyboard */ = {
			isa = PBXVariantGroup;
			children = (
				C6B299681C3EC84900F0D39A /* Base */,
			);
			name = LaunchScreen.storyboard;
			sourceTree = "<group>";
		};
/* End PBXVariantGroup section */

/* Begin XCBuildConfiguration section */
		C6B299811C3EC84900F0D39A /* Debug */ = {
			isa = XCBuildConfiguration;
			buildSettings = {
				ALWAYS_SEARCH_USER_PATHS = NO;
				CLANG_CXX_LANGUAGE_STANDARD = "gnu++0x";
				CLANG_CXX_LIBRARY = "libc++";
				CLANG_ENABLE_MODULES = YES;
				CLANG_ENABLE_OBJC_ARC = YES;
				CLANG_WARN_BOOL_CONVERSION = YES;
				CLANG_WARN_CONSTANT_CONVERSION = YES;
				CLANG_WARN_DIRECT_OBJC_ISA_USAGE = YES_ERROR;
				CLANG_WARN_EMPTY_BODY = YES;
				CLANG_WARN_ENUM_CONVERSION = YES;
				CLANG_WARN_INT_CONVERSION = YES;
				CLANG_WARN_OBJC_ROOT_CLASS = YES_ERROR;
				CLANG_WARN_UNREACHABLE_CODE = YES;
				CLANG_WARN__DUPLICATE_METHOD_MATCH = YES;
				"CODE_SIGN_IDENTITY[sdk=iphoneos*]" = "iPhone Developer";
				COPY_PHASE_STRIP = NO;
				DEBUG_INFORMATION_FORMAT = dwarf;
				ENABLE_STRICT_OBJC_MSGSEND = YES;
				ENABLE_TESTABILITY = YES;
				GCC_C_LANGUAGE_STANDARD = gnu99;
				GCC_DYNAMIC_NO_PIC = NO;
				GCC_NO_COMMON_BLOCKS = YES;
				GCC_OPTIMIZATION_LEVEL = 0;
				GCC_PREPROCESSOR_DEFINITIONS = (
					"DEBUG=1",
					"$(inherited)",
				);
				GCC_WARN_64_TO_32_BIT_CONVERSION = YES;
				GCC_WARN_ABOUT_RETURN_TYPE = YES_ERROR;
				GCC_WARN_UNDECLARED_SELECTOR = YES;
				GCC_WARN_UNINITIALIZED_AUTOS = YES_AGGRESSIVE;
				GCC_WARN_UNUSED_FUNCTION = YES;
				GCC_WARN_UNUSED_VARIABLE = YES;
				IPHONEOS_DEPLOYMENT_TARGET = 9.2;
				MTL_ENABLE_DEBUG_INFO = YES;
				ONLY_ACTIVE_ARCH = YES;
				SDKROOT = iphoneos;
				SWIFT_OPTIMIZATION_LEVEL = "-Onone";
				TARGETED_DEVICE_FAMILY = "1,2";
			};
			name = Debug;
		};
		C6B299821C3EC84900F0D39A /* Release */ = {
			isa = XCBuildConfiguration;
			buildSettings = {
				ALWAYS_SEARCH_USER_PATHS = NO;
				CLANG_CXX_LANGUAGE_STANDARD = "gnu++0x";
				CLANG_CXX_LIBRARY = "libc++";
				CLANG_ENABLE_MODULES = YES;
				CLANG_ENABLE_OBJC_ARC = YES;
				CLANG_WARN_BOOL_CONVERSION = YES;
				CLANG_WARN_CONSTANT_CONVERSION = YES;
				CLANG_WARN_DIRECT_OBJC_ISA_USAGE = YES_ERROR;
				CLANG_WARN_EMPTY_BODY = YES;
				CLANG_WARN_ENUM_CONVERSION = YES;
				CLANG_WARN_INT_CONVERSION = YES;
				CLANG_WARN_OBJC_ROOT_CLASS = YES_ERROR;
				CLANG_WARN_UNREACHABLE_CODE = YES;
				CLANG_WARN__DUPLICATE_METHOD_MATCH = YES;
				"CODE_SIGN_IDENTITY[sdk=iphoneos*]" = "iPhone Developer";
				COPY_PHASE_STRIP = NO;
				DEBUG_INFORMATION_FORMAT = "dwarf-with-dsym";
				ENABLE_NS_ASSERTIONS = NO;
				ENABLE_STRICT_OBJC_MSGSEND = YES;
				GCC_C_LANGUAGE_STANDARD = gnu99;
				GCC_NO_COMMON_BLOCKS = YES;
				GCC_WARN_64_TO_32_BIT_CONVERSION = YES;
				GCC_WARN_ABOUT_RETURN_TYPE = YES_ERROR;
				GCC_WARN_UNDECLARED_SELECTOR = YES;
				GCC_WARN_UNINITIALIZED_AUTOS = YES_AGGRESSIVE;
				GCC_WARN_UNUSED_FUNCTION = YES;
				GCC_WARN_UNUSED_VARIABLE = YES;
				IPHONEOS_DEPLOYMENT_TARGET = 9.2;
				MTL_ENABLE_DEBUG_INFO = NO;
				SDKROOT = iphoneos;
				TARGETED_DEVICE_FAMILY = "1,2";
				VALIDATE_PRODUCT = YES;
			};
			name = Release;
		};
		C6B299841C3EC84900F0D39A /* Debug */ = {
			isa = XCBuildConfiguration;
			buildSettings = {
				ASSETCATALOG_COMPILER_APPICON_NAME = AppIcon;
				CODE_SIGN_IDENTITY = "iPhone Developer";
				INFOPLIST_FILE = Happiness/Info.plist;
				LD_RUNPATH_SEARCH_PATHS = "$(inherited) @executable_path/Frameworks";
				PRODUCT_BUNDLE_IDENTIFIER = strawberry224.Happiness;
				PRODUCT_NAME = "$(TARGET_NAME)";
			};
			name = Debug;
		};
		C6B299851C3EC84900F0D39A /* Release */ = {
			isa = XCBuildConfiguration;
			buildSettings = {
				ASSETCATALOG_COMPILER_APPICON_NAME = AppIcon;
				CODE_SIGN_IDENTITY = "iPhone Developer";
				INFOPLIST_FILE = Happiness/Info.plist;
				LD_RUNPATH_SEARCH_PATHS = "$(inherited) @executable_path/Frameworks";
				PRODUCT_BUNDLE_IDENTIFIER = strawberry224.Happiness;
				PRODUCT_NAME = "$(TARGET_NAME)";
			};
			name = Release;
		};
		C6B299871C3EC84900F0D39A /* Debug */ = {
			isa = XCBuildConfiguration;
			buildSettings = {
				BUNDLE_LOADER = "$(TEST_HOST)";
				INFOPLIST_FILE = HappinessTests/Info.plist;
				LD_RUNPATH_SEARCH_PATHS = "$(inherited) @executable_path/Frameworks @loader_path/Frameworks";
				PRODUCT_BUNDLE_IDENTIFIER = strawberry224.HappinessTests;
				PRODUCT_NAME = "$(TARGET_NAME)";
				TEST_HOST = "$(BUILT_PRODUCTS_DIR)/Happiness.app/Happiness";
			};
			name = Debug;
		};
		C6B299881C3EC84900F0D39A /* Release */ = {
			isa = XCBuildConfiguration;
			buildSettings = {
				BUNDLE_LOADER = "$(TEST_HOST)";
				INFOPLIST_FILE = HappinessTests/Info.plist;
				LD_RUNPATH_SEARCH_PATHS = "$(inherited) @executable_path/Frameworks @loader_path/Frameworks";
				PRODUCT_BUNDLE_IDENTIFIER = strawberry224.HappinessTests;
				PRODUCT_NAME = "$(TARGET_NAME)";
				TEST_HOST = "$(BUILT_PRODUCTS_DIR)/Happiness.app/Happiness";
			};
			name = Release;
		};
		C6B2998A1C3EC84900F0D39A /* Debug */ = {
			isa = XCBuildConfiguration;
			buildSettings = {
				INFOPLIST_FILE = HappinessUITests/Info.plist;
				LD_RUNPATH_SEARCH_PATHS = "$(inherited) @executable_path/Frameworks @loader_path/Frameworks";
				PRODUCT_BUNDLE_IDENTIFIER = strawberry224.HappinessUITests;
				PRODUCT_NAME = "$(TARGET_NAME)";
				TEST_TARGET_NAME = Happiness;
				USES_XCTRUNNER = YES;
			};
			name = Debug;
		};
		C6B2998B1C3EC84900F0D39A /* Release */ = {
			isa = XCBuildConfiguration;
			buildSettings = {
				INFOPLIST_FILE = HappinessUITests/Info.plist;
				LD_RUNPATH_SEARCH_PATHS = "$(inherited) @executable_path/Frameworks @loader_path/Frameworks";
				PRODUCT_BUNDLE_IDENTIFIER = strawberry224.HappinessUITests;
				PRODUCT_NAME = "$(TARGET_NAME)";
				TEST_TARGET_NAME = Happiness;
				USES_XCTRUNNER = YES;
			};
			name = Release;
		};
/* End XCBuildConfiguration section */

/* Begin XCConfigurationList section */
		C6B299561C3EC84900F0D39A /* Build configuration list for PBXProject "Happiness" */ = {
			isa = XCConfigurationList;
			buildConfigurations = (
				C6B299811C3EC84900F0D39A /* Debug */,
				C6B299821C3EC84900F0D39A /* Release */,
			);
			defaultConfigurationIsVisible = 0;
			defaultConfigurationName = Release;
		};
		C6B299831C3EC84900F0D39A /* Build configuration list for PBXNativeTarget "Happiness" */ = {
			isa = XCConfigurationList;
			buildConfigurations = (
				C6B299841C3EC84900F0D39A /* Debug */,
				C6B299851C3EC84900F0D39A /* Release */,
			);
			defaultConfigurationIsVisible = 0;
		};
		C6B299861C3EC84900F0D39A /* Build configuration list for PBXNativeTarget "HappinessTests" */ = {
			isa = XCConfigurationList;
			buildConfigurations = (
				C6B299871C3EC84900F0D39A /* Debug */,
				C6B299881C3EC84900F0D39A /* Release */,
			);
			defaultConfigurationIsVisible = 0;
		};
		C6B299891C3EC84900F0D39A /* Build configuration list for PBXNativeTarget "HappinessUITests" */ = {
			isa = XCConfigurationList;
			buildConfigurations = (
				C6B2998A1C3EC84900F0D39A /* Debug */,
				C6B2998B1C3EC84900F0D39A /* Release */,
			);
			defaultConfigurationIsVisible = 0;
		};
/* End XCConfigurationList section */
	};
	rootObject = C6B299531C3EC84900F0D39A /* Project object */;
}
